
Microsoft Visual Studio Solution File, Format Version 12.00
# Visual Studio Version 17
VisualStudioVersion = 17.10.34818.151
MinimumVisualStudioVersion = 10.0.40219.1
Project("{2150E333-8FDC-42A3-9474-1A3956D46DE8}") = "src", "src", "{0008B07E-EDBA-4D55-8A5C-7F48F3C5E960}"
EndProject
Project("{2150E333-8FDC-42A3-9474-1A3956D46DE8}") = "client", "client", "{DC00D88A-2CE8-4C2D-815C-F3B5EC007E45}"
EndProject
Project("{2150E333-8FDC-42A3-9474-1A3956D46DE8}") = "hub", "hub", "{23F27955-DDD1-48E6-98E8-EB71814CEFBA}"
EndProject
Project("{2150E333-8FDC-42A3-9474-1A3956D46DE8}") = "server", "server", "{3DF1A963-FAC4-45BF-945F-9F21969FDC4E}"
EndProject
Project("{2150E333-8FDC-42A3-9474-1A3956D46DE8}") = "node", "node", "{90036055-6F0D-4EA4-86BD-9819C798BAEB}"
EndProject
Project("{2150E333-8FDC-42A3-9474-1A3956D46DE8}") = "framework", "framework", "{58F8AAD7-4BBD-4A87-A880-077197378957}"
EndProject
Project("{9A19103F-16F7-4668-BE54-9A1E7A4F7556}") = "Runord.Client.App", "src\Runord.Client.App\Runord.Client.App.csproj", "{2E213790-AB92-4E1B-8055-DB9B2C33866A}"
EndProject
Project("{9A19103F-16F7-4668-BE54-9A1E7A4F7556}") = "Runord.Client.App.Controls", "src\Runord.Client.App.Controls\Runord.Client.App.Controls.csproj", "{F981B004-C49B-4372-8ACB-043C071C20B8}"
EndProject
Project("{9A19103F-16F7-4668-BE54-9A1E7A4F7556}") = "Runord.Client.App.Storage", "src\Runord.Client.App.Storage\Runord.Client.App.Storage.csproj", "{A59DA5E1-54B3-44F5-92B7-49A105BFB104}"
EndProject
Project("{9A19103F-16F7-4668-BE54-9A1E7A4F7556}") = "Runord.Client.App.Services", "src\Runord.Client.App.Services\Runord.Client.App.Services.csproj", "{1AF353B6-5734-4667-97D3-5E9DAB07CBC7}"
EndProject
Project("{2150E333-8FDC-42A3-9474-1A3956D46DE8}") = "tests", "tests", "{649150F5-2529-46AA-84C2-3A3545313F96}"
EndProject
Project("{9A19103F-16F7-4668-BE54-9A1E7A4F7556}") = "Runord.Client.Tests", "tests\Runord.Client.Tests\Runord.Client.Tests.csproj", "{DF29EAC9-3945-4F48-A564-5574145C806A}"
EndProject
Project("{9A19103F-16F7-4668-BE54-9A1E7A4F7556}") = "Runord.Hub.Core", "src\Runord.Hub.Core\Runord.Hub.Core.csproj", "{E634A3E2-8F27-44FE-92AC-9655939F15C2}"
EndProject
Project("{9A19103F-16F7-4668-BE54-9A1E7A4F7556}") = "Runord.Hub.Server", "src\Runord.Hub.Server\Runord.Hub.Server.csproj", "{D8A4971B-FC27-4CA1-8E2C-7AC87784FE18}"
EndProject
Project("{9A19103F-16F7-4668-BE54-9A1E7A4F7556}") = "Runord.Client.App.BackgroundTasks", "src\Runord.Client.App.BackgroundTasks\Runord.Client.App.BackgroundTasks.csproj", "{4B1258A7-D50A-420F-9BBF-EC6598253572}"
EndProject
Project("{9A19103F-16F7-4668-BE54-9A1E7A4F7556}") = "Runord.Hub.BackgroundTasks", "src\Runord.Hub.BackgroundTasks\Runord.Hub.BackgroundTasks.csproj", "{24450A91-5C57-4974-AC1D-CC27A73D5F03}"
EndProject
Project("{9A19103F-16F7-4668-BE54-9A1E7A4F7556}") = "Runord.Hub.Storage", "src\Runord.Hub.Storage\Runord.Hub.Storage.csproj", "{CBA6AFB2-C9CF-4CF7-8453-E1CB3741EF92}"
EndProject
Project("{9A19103F-16F7-4668-BE54-9A1E7A4F7556}") = "Runord.Hub.Tests", "tests\Runord.Hub.Tests\Runord.Hub.Tests.csproj", "{8FFD51B0-DEA4-46FA-81E5-3719D4707814}"
EndProject
Project("{9A19103F-16F7-4668-BE54-9A1E7A4F7556}") = "Runord.Client.Shared", "src\Runord.Client.Shared\Runord.Client.Shared.csproj", "{36BB37F8-09E6-48FE-A2FE-D80F60B48612}"
EndProject
Project("{9A19103F-16F7-4668-BE54-9A1E7A4F7556}") = "Runord.Server.Core", "src\Runord.Server.Core\Runord.Server.Core.csproj", "{792DFC50-F516-4BE6-967F-5D982A02EDFF}"
EndProject
Project("{9A19103F-16F7-4668-BE54-9A1E7A4F7556}") = "Runord.Server.Tasks", "src\Runord.Server.Tasks\Runord.Server.Tasks.csproj", "{7202B544-6BEE-432C-B944-8158EE196835}"
EndProject
Project("{9A19103F-16F7-4668-BE54-9A1E7A4F7556}") = "Runord.Hub.Shared", "src\Runord.Hub.Shared\Runord.Hub.Shared.csproj", "{57A7550E-2858-4B97-B6D9-96C5E48DD7EB}"
EndProject
Project("{9A19103F-16F7-4668-BE54-9A1E7A4F7556}") = "Runord.Server.Monitoring", "src\Runord.Server.Monitoring\Runord.Server.Monitoring.csproj", "{CE9C859A-8232-490D-A784-BCA4E12463C5}"
EndProject
Project("{9A19103F-16F7-4668-BE54-9A1E7A4F7556}") = "Runord.Server.Storage", "src\Runord.Server.Storage\Runord.Server.Storage.csproj", "{FD9AD45E-30B6-4622-B869-BEE3B7BE5E10}"
EndProject
Project("{9A19103F-16F7-4668-BE54-9A1E7A4F7556}") = "Runord.Server.Communication", "src\Runord.Server.Communication\Runord.Server.Communication.csproj", "{2118BFFF-F393-463B-A21E-96E27D6E9A2F}"
EndProject
Project("{9A19103F-16F7-4668-BE54-9A1E7A4F7556}") = "Runord.Server.BackgroundTasks", "src\Runord.Server.BackgroundTasks\Runord.Server.BackgroundTasks.csproj", "{9641DE26-C5C4-43C4-8241-5393B307FFD0}"
EndProject
Project("{9A19103F-16F7-4668-BE54-9A1E7A4F7556}") = "Runord.Server.Shared", "src\Runord.Server.Shared\Runord.Server.Shared.csproj", "{F1299858-6008-43C5-8831-ADB496486C86}"
EndProject
Project("{9A19103F-16F7-4668-BE54-9A1E7A4F7556}") = "Runord.Server.Tests", "tests\Runord.Server.Tests\Runord.Server.Tests.csproj", "{674A670F-7EE8-4E11-93F1-3DE2AC0EA6F8}"
EndProject
Project("{9A19103F-16F7-4668-BE54-9A1E7A4F7556}") = "Runord.Node.Agent", "src\Runord.Node.Agent\Runord.Node.Agent.csproj", "{F031A2AA-2AC8-4B84-8DE8-BE57DAEC7E4C}"
EndProject
Project("{9A19103F-16F7-4668-BE54-9A1E7A4F7556}") = "Runord.Node.Monitoring", "src\Runord.Node.Monitoring\Runord.Node.Monitoring.csproj", "{F51F49F6-3EA9-452C-8163-66D886381EA9}"
EndProject
Project("{9A19103F-16F7-4668-BE54-9A1E7A4F7556}") = "Runord.Node.Communication", "src\Runord.Node.Communication\Runord.Node.Communication.csproj", "{906B9A75-BC6E-48D5-A8F9-A2AF56CEB3F6}"
EndProject
Project("{9A19103F-16F7-4668-BE54-9A1E7A4F7556}") = "Runord.Node.Storage", "src\Runord.Node.Storage\Runord.Node.Storage.csproj", "{548CA5F9-F8E3-4CA5-852F-C9586F062E26}"
EndProject
Project("{9A19103F-16F7-4668-BE54-9A1E7A4F7556}") = "Runord.Node.BackgroundTasks", "src\Runord.Node.BackgroundTasks\Runord.Node.BackgroundTasks.csproj", "{A6ED1800-4666-40D1-BF95-070541B2E0A8}"
EndProject
Project("{9A19103F-16F7-4668-BE54-9A1E7A4F7556}") = "Runord.Node.Shared", "src\Runord.Node.Shared\Runord.Node.Shared.csproj", "{9511E68E-10AD-48E3-B55C-4A84BBD8E07F}"
EndProject
Project("{9A19103F-16F7-4668-BE54-9A1E7A4F7556}") = "Runord.Node.Tests", "tests\Runord.Node.Tests\Runord.Node.Tests.csproj", "{14F79F6D-BCBA-4663-8481-BB40BDE9DB26}"
EndProject
Project("{8BC9CEB8-8B4A-11D0-8D11-00A0C91BC942}") = "Runord.TaskFramework.Core", "src\Runord.TaskFramework.Core\Runord.TaskFramework.Core.vcxproj", "{CA056B0E-B963-4B69-B2EA-D1FBCAB9EADC}"
EndProject
Project("{8BC9CEB8-8B4A-11D0-8D11-00A0C91BC942}") = "Runord.TaskFramework.Algorithms", "src\Runord.TaskFramework.Algorithms\Runord.TaskFramework.Algorithms.vcxproj", "{14638E5E-C2EA-4593-8D07-CD90830D6991}"
EndProject
Project("{8BC9CEB8-8B4A-11D0-8D11-00A0C91BC942}") = "Runord.TasksFramework.Tests", "tests\Runord.TasksFramework.Tests\Runord.TasksFramework.Tests.vcxproj", "{18907273-09AD-466D-A781-35C31A6FF525}"
EndProject
Project("{8BC9CEB8-8B4A-11D0-8D11-00A0C91BC942}") = "Runord.TaskFramework.MPI", "src\Runord.TaskFramework.MPI\Runord.TaskFramework.MPI.vcxproj", "{0EC223E1-F667-44B4-9C00-6EB59EFB8144}"
EndProject
Project("{8BC9CEB8-8B4A-11D0-8D11-00A0C91BC942}") = "Runord.TaskFramework.Runtime", "src\Runord.TaskFramework.Runtime\Runord.TaskFramework.Runtime.vcxproj", "{F71060AE-6A9F-4A53-9F61-564315BDEC76}"
EndProject
Global
	GlobalSection(SolutionConfigurationPlatforms) = preSolution
		Debug|Any CPU = Debug|Any CPU
		Debug|x64 = Debug|x64
		Debug|x86 = Debug|x86
		Release|Any CPU = Release|Any CPU
		Release|x64 = Release|x64
		Release|x86 = Release|x86
	EndGlobalSection
	GlobalSection(ProjectConfigurationPlatforms) = postSolution
		{2E213790-AB92-4E1B-8055-DB9B2C33866A}.Debug|Any CPU.ActiveCfg = Debug|Any CPU
		{2E213790-AB92-4E1B-8055-DB9B2C33866A}.Debug|Any CPU.Build.0 = Debug|Any CPU
		{2E213790-AB92-4E1B-8055-DB9B2C33866A}.Debug|x64.ActiveCfg = Debug|Any CPU
		{2E213790-AB92-4E1B-8055-DB9B2C33866A}.Debug|x64.Build.0 = Debug|Any CPU
		{2E213790-AB92-4E1B-8055-DB9B2C33866A}.Debug|x86.ActiveCfg = Debug|Any CPU
		{2E213790-AB92-4E1B-8055-DB9B2C33866A}.Debug|x86.Build.0 = Debug|Any CPU
		{2E213790-AB92-4E1B-8055-DB9B2C33866A}.Release|Any CPU.ActiveCfg = Release|Any CPU
		{2E213790-AB92-4E1B-8055-DB9B2C33866A}.Release|Any CPU.Build.0 = Release|Any CPU
		{2E213790-AB92-4E1B-8055-DB9B2C33866A}.Release|x64.ActiveCfg = Release|Any CPU
		{2E213790-AB92-4E1B-8055-DB9B2C33866A}.Release|x64.Build.0 = Release|Any CPU
		{2E213790-AB92-4E1B-8055-DB9B2C33866A}.Release|x86.ActiveCfg = Release|Any CPU
		{2E213790-AB92-4E1B-8055-DB9B2C33866A}.Release|x86.Build.0 = Release|Any CPU
		{F981B004-C49B-4372-8ACB-043C071C20B8}.Debug|Any CPU.ActiveCfg = Debug|Any CPU
		{F981B004-C49B-4372-8ACB-043C071C20B8}.Debug|Any CPU.Build.0 = Debug|Any CPU
		{F981B004-C49B-4372-8ACB-043C071C20B8}.Debug|x64.ActiveCfg = Debug|Any CPU
		{F981B004-C49B-4372-8ACB-043C071C20B8}.Debug|x64.Build.0 = Debug|Any CPU
		{F981B004-C49B-4372-8ACB-043C071C20B8}.Debug|x86.ActiveCfg = Debug|Any CPU
		{F981B004-C49B-4372-8ACB-043C071C20B8}.Debug|x86.Build.0 = Debug|Any CPU
		{F981B004-C49B-4372-8ACB-043C071C20B8}.Release|Any CPU.ActiveCfg = Release|Any CPU
		{F981B004-C49B-4372-8ACB-043C071C20B8}.Release|Any CPU.Build.0 = Release|Any CPU
		{F981B004-C49B-4372-8ACB-043C071C20B8}.Release|x64.ActiveCfg = Release|Any CPU
		{F981B004-C49B-4372-8ACB-043C071C20B8}.Release|x64.Build.0 = Release|Any CPU
		{F981B004-C49B-4372-8ACB-043C071C20B8}.Release|x86.ActiveCfg = Release|Any CPU
		{F981B004-C49B-4372-8ACB-043C071C20B8}.Release|x86.Build.0 = Release|Any CPU
		{A59DA5E1-54B3-44F5-92B7-49A105BFB104}.Debug|Any CPU.ActiveCfg = Debug|Any CPU
		{A59DA5E1-54B3-44F5-92B7-49A105BFB104}.Debug|Any CPU.Build.0 = Debug|Any CPU
		{A59DA5E1-54B3-44F5-92B7-49A105BFB104}.Debug|x64.ActiveCfg = Debug|Any CPU
		{A59DA5E1-54B3-44F5-92B7-49A105BFB104}.Debug|x64.Build.0 = Debug|Any CPU
		{A59DA5E1-54B3-44F5-92B7-49A105BFB104}.Debug|x86.ActiveCfg = Debug|Any CPU
		{A59DA5E1-54B3-44F5-92B7-49A105BFB104}.Debug|x86.Build.0 = Debug|Any CPU
		{A59DA5E1-54B3-44F5-92B7-49A105BFB104}.Release|Any CPU.ActiveCfg = Release|Any CPU
		{A59DA5E1-54B3-44F5-92B7-49A105BFB104}.Release|Any CPU.Build.0 = Release|Any CPU
		{A59DA5E1-54B3-44F5-92B7-49A105BFB104}.Release|x64.ActiveCfg = Release|Any CPU
		{A59DA5E1-54B3-44F5-92B7-49A105BFB104}.Release|x64.Build.0 = Release|Any CPU
		{A59DA5E1-54B3-44F5-92B7-49A105BFB104}.Release|x86.ActiveCfg = Release|Any CPU
		{A59DA5E1-54B3-44F5-92B7-49A105BFB104}.Release|x86.Build.0 = Release|Any CPU
		{1AF353B6-5734-4667-97D3-5E9DAB07CBC7}.Debug|Any CPU.ActiveCfg = Debug|Any CPU
		{1AF353B6-5734-4667-97D3-5E9DAB07CBC7}.Debug|Any CPU.Build.0 = Debug|Any CPU
		{1AF353B6-5734-4667-97D3-5E9DAB07CBC7}.Debug|x64.ActiveCfg = Debug|Any CPU
		{1AF353B6-5734-4667-97D3-5E9DAB07CBC7}.Debug|x64.Build.0 = Debug|Any CPU
		{1AF353B6-5734-4667-97D3-5E9DAB07CBC7}.Debug|x86.ActiveCfg = Debug|Any CPU
		{1AF353B6-5734-4667-97D3-5E9DAB07CBC7}.Debug|x86.Build.0 = Debug|Any CPU
		{1AF353B6-5734-4667-97D3-5E9DAB07CBC7}.Release|Any CPU.ActiveCfg = Release|Any CPU
		{1AF353B6-5734-4667-97D3-5E9DAB07CBC7}.Release|Any CPU.Build.0 = Release|Any CPU
		{1AF353B6-5734-4667-97D3-5E9DAB07CBC7}.Release|x64.ActiveCfg = Release|Any CPU
		{1AF353B6-5734-4667-97D3-5E9DAB07CBC7}.Release|x64.Build.0 = Release|Any CPU
		{1AF353B6-5734-4667-97D3-5E9DAB07CBC7}.Release|x86.ActiveCfg = Release|Any CPU
		{1AF353B6-5734-4667-97D3-5E9DAB07CBC7}.Release|x86.Build.0 = Release|Any CPU
		{DF29EAC9-3945-4F48-A564-5574145C806A}.Debug|Any CPU.ActiveCfg = Debug|Any CPU
		{DF29EAC9-3945-4F48-A564-5574145C806A}.Debug|Any CPU.Build.0 = Debug|Any CPU
		{DF29EAC9-3945-4F48-A564-5574145C806A}.Debug|x64.ActiveCfg = Debug|Any CPU
		{DF29EAC9-3945-4F48-A564-5574145C806A}.Debug|x64.Build.0 = Debug|Any CPU
		{DF29EAC9-3945-4F48-A564-5574145C806A}.Debug|x86.ActiveCfg = Debug|Any CPU
		{DF29EAC9-3945-4F48-A564-5574145C806A}.Debug|x86.Build.0 = Debug|Any CPU
		{DF29EAC9-3945-4F48-A564-5574145C806A}.Release|Any CPU.ActiveCfg = Release|Any CPU
		{DF29EAC9-3945-4F48-A564-5574145C806A}.Release|Any CPU.Build.0 = Release|Any CPU
		{DF29EAC9-3945-4F48-A564-5574145C806A}.Release|x64.ActiveCfg = Release|Any CPU
		{DF29EAC9-3945-4F48-A564-5574145C806A}.Release|x64.Build.0 = Release|Any CPU
		{DF29EAC9-3945-4F48-A564-5574145C806A}.Release|x86.ActiveCfg = Release|Any CPU
		{DF29EAC9-3945-4F48-A564-5574145C806A}.Release|x86.Build.0 = Release|Any CPU
		{E634A3E2-8F27-44FE-92AC-9655939F15C2}.Debug|Any CPU.ActiveCfg = Debug|Any CPU
		{E634A3E2-8F27-44FE-92AC-9655939F15C2}.Debug|Any CPU.Build.0 = Debug|Any CPU
		{E634A3E2-8F27-44FE-92AC-9655939F15C2}.Debug|x64.ActiveCfg = Debug|Any CPU
		{E634A3E2-8F27-44FE-92AC-9655939F15C2}.Debug|x64.Build.0 = Debug|Any CPU
		{E634A3E2-8F27-44FE-92AC-9655939F15C2}.Debug|x86.ActiveCfg = Debug|Any CPU
		{E634A3E2-8F27-44FE-92AC-9655939F15C2}.Debug|x86.Build.0 = Debug|Any CPU
		{E634A3E2-8F27-44FE-92AC-9655939F15C2}.Release|Any CPU.ActiveCfg = Release|Any CPU
		{E634A3E2-8F27-44FE-92AC-9655939F15C2}.Release|Any CPU.Build.0 = Release|Any CPU
		{E634A3E2-8F27-44FE-92AC-9655939F15C2}.Release|x64.ActiveCfg = Release|Any CPU
		{E634A3E2-8F27-44FE-92AC-9655939F15C2}.Release|x64.Build.0 = Release|Any CPU
		{E634A3E2-8F27-44FE-92AC-9655939F15C2}.Release|x86.ActiveCfg = Release|Any CPU
		{E634A3E2-8F27-44FE-92AC-9655939F15C2}.Release|x86.Build.0 = Release|Any CPU
		{D8A4971B-FC27-4CA1-8E2C-7AC87784FE18}.Debug|Any CPU.ActiveCfg = Debug|Any CPU
		{D8A4971B-FC27-4CA1-8E2C-7AC87784FE18}.Debug|Any CPU.Build.0 = Debug|Any CPU
		{D8A4971B-FC27-4CA1-8E2C-7AC87784FE18}.Debug|x64.ActiveCfg = Debug|Any CPU
		{D8A4971B-FC27-4CA1-8E2C-7AC87784FE18}.Debug|x64.Build.0 = Debug|Any CPU
		{D8A4971B-FC27-4CA1-8E2C-7AC87784FE18}.Debug|x86.ActiveCfg = Debug|Any CPU
		{D8A4971B-FC27-4CA1-8E2C-7AC87784FE18}.Debug|x86.Build.0 = Debug|Any CPU
		{D8A4971B-FC27-4CA1-8E2C-7AC87784FE18}.Release|Any CPU.ActiveCfg = Release|Any CPU
		{D8A4971B-FC27-4CA1-8E2C-7AC87784FE18}.Release|Any CPU.Build.0 = Release|Any CPU
		{D8A4971B-FC27-4CA1-8E2C-7AC87784FE18}.Release|x64.ActiveCfg = Release|Any CPU
		{D8A4971B-FC27-4CA1-8E2C-7AC87784FE18}.Release|x64.Build.0 = Release|Any CPU
		{D8A4971B-FC27-4CA1-8E2C-7AC87784FE18}.Release|x86.ActiveCfg = Release|Any CPU
		{D8A4971B-FC27-4CA1-8E2C-7AC87784FE18}.Release|x86.Build.0 = Release|Any CPU
		{4B1258A7-D50A-420F-9BBF-EC6598253572}.Debug|Any CPU.ActiveCfg = Debug|Any CPU
		{4B1258A7-D50A-420F-9BBF-EC6598253572}.Debug|Any CPU.Build.0 = Debug|Any CPU
		{4B1258A7-D50A-420F-9BBF-EC6598253572}.Debug|x64.ActiveCfg = Debug|Any CPU
		{4B1258A7-D50A-420F-9BBF-EC6598253572}.Debug|x64.Build.0 = Debug|Any CPU
		{4B1258A7-D50A-420F-9BBF-EC6598253572}.Debug|x86.ActiveCfg = Debug|Any CPU
		{4B1258A7-D50A-420F-9BBF-EC6598253572}.Debug|x86.Build.0 = Debug|Any CPU
		{4B1258A7-D50A-420F-9BBF-EC6598253572}.Release|Any CPU.ActiveCfg = Release|Any CPU
		{4B1258A7-D50A-420F-9BBF-EC6598253572}.Release|Any CPU.Build.0 = Release|Any CPU
		{4B1258A7-D50A-420F-9BBF-EC6598253572}.Release|x64.ActiveCfg = Release|Any CPU
		{4B1258A7-D50A-420F-9BBF-EC6598253572}.Release|x64.Build.0 = Release|Any CPU
		{4B1258A7-D50A-420F-9BBF-EC6598253572}.Release|x86.ActiveCfg = Release|Any CPU
		{4B1258A7-D50A-420F-9BBF-EC6598253572}.Release|x86.Build.0 = Release|Any CPU
		{24450A91-5C57-4974-AC1D-CC27A73D5F03}.Debug|Any CPU.ActiveCfg = Debug|Any CPU
		{24450A91-5C57-4974-AC1D-CC27A73D5F03}.Debug|Any CPU.Build.0 = Debug|Any CPU
		{24450A91-5C57-4974-AC1D-CC27A73D5F03}.Debug|x64.ActiveCfg = Debug|Any CPU
		{24450A91-5C57-4974-AC1D-CC27A73D5F03}.Debug|x64.Build.0 = Debug|Any CPU
		{24450A91-5C57-4974-AC1D-CC27A73D5F03}.Debug|x86.ActiveCfg = Debug|Any CPU
		{24450A91-5C57-4974-AC1D-CC27A73D5F03}.Debug|x86.Build.0 = Debug|Any CPU
		{24450A91-5C57-4974-AC1D-CC27A73D5F03}.Release|Any CPU.ActiveCfg = Release|Any CPU
		{24450A91-5C57-4974-AC1D-CC27A73D5F03}.Release|Any CPU.Build.0 = Release|Any CPU
		{24450A91-5C57-4974-AC1D-CC27A73D5F03}.Release|x64.ActiveCfg = Release|Any CPU
		{24450A91-5C57-4974-AC1D-CC27A73D5F03}.Release|x64.Build.0 = Release|Any CPU
		{24450A91-5C57-4974-AC1D-CC27A73D5F03}.Release|x86.ActiveCfg = Release|Any CPU
		{24450A91-5C57-4974-AC1D-CC27A73D5F03}.Release|x86.Build.0 = Release|Any CPU
		{CBA6AFB2-C9CF-4CF7-8453-E1CB3741EF92}.Debug|Any CPU.ActiveCfg = Debug|Any CPU
		{CBA6AFB2-C9CF-4CF7-8453-E1CB3741EF92}.Debug|Any CPU.Build.0 = Debug|Any CPU
		{CBA6AFB2-C9CF-4CF7-8453-E1CB3741EF92}.Debug|x64.ActiveCfg = Debug|Any CPU
		{CBA6AFB2-C9CF-4CF7-8453-E1CB3741EF92}.Debug|x64.Build.0 = Debug|Any CPU
		{CBA6AFB2-C9CF-4CF7-8453-E1CB3741EF92}.Debug|x86.ActiveCfg = Debug|Any CPU
		{CBA6AFB2-C9CF-4CF7-8453-E1CB3741EF92}.Debug|x86.Build.0 = Debug|Any CPU
		{CBA6AFB2-C9CF-4CF7-8453-E1CB3741EF92}.Release|Any CPU.ActiveCfg = Release|Any CPU
		{CBA6AFB2-C9CF-4CF7-8453-E1CB3741EF92}.Release|Any CPU.Build.0 = Release|Any CPU
		{CBA6AFB2-C9CF-4CF7-8453-E1CB3741EF92}.Release|x64.ActiveCfg = Release|Any CPU
		{CBA6AFB2-C9CF-4CF7-8453-E1CB3741EF92}.Release|x64.Build.0 = Release|Any CPU
		{CBA6AFB2-C9CF-4CF7-8453-E1CB3741EF92}.Release|x86.ActiveCfg = Release|Any CPU
		{CBA6AFB2-C9CF-4CF7-8453-E1CB3741EF92}.Release|x86.Build.0 = Release|Any CPU
		{8FFD51B0-DEA4-46FA-81E5-3719D4707814}.Debug|Any CPU.ActiveCfg = Debug|Any CPU
		{8FFD51B0-DEA4-46FA-81E5-3719D4707814}.Debug|Any CPU.Build.0 = Debug|Any CPU
		{8FFD51B0-DEA4-46FA-81E5-3719D4707814}.Debug|x64.ActiveCfg = Debug|Any CPU
		{8FFD51B0-DEA4-46FA-81E5-3719D4707814}.Debug|x64.Build.0 = Debug|Any CPU
		{8FFD51B0-DEA4-46FA-81E5-3719D4707814}.Debug|x86.ActiveCfg = Debug|Any CPU
		{8FFD51B0-DEA4-46FA-81E5-3719D4707814}.Debug|x86.Build.0 = Debug|Any CPU
		{8FFD51B0-DEA4-46FA-81E5-3719D4707814}.Release|Any CPU.ActiveCfg = Release|Any CPU
		{8FFD51B0-DEA4-46FA-81E5-3719D4707814}.Release|Any CPU.Build.0 = Release|Any CPU
		{8FFD51B0-DEA4-46FA-81E5-3719D4707814}.Release|x64.ActiveCfg = Release|Any CPU
		{8FFD51B0-DEA4-46FA-81E5-3719D4707814}.Release|x64.Build.0 = Release|Any CPU
		{8FFD51B0-DEA4-46FA-81E5-3719D4707814}.Release|x86.ActiveCfg = Release|Any CPU
		{8FFD51B0-DEA4-46FA-81E5-3719D4707814}.Release|x86.Build.0 = Release|Any CPU
		{36BB37F8-09E6-48FE-A2FE-D80F60B48612}.Debug|Any CPU.ActiveCfg = Debug|Any CPU
		{36BB37F8-09E6-48FE-A2FE-D80F60B48612}.Debug|Any CPU.Build.0 = Debug|Any CPU
		{36BB37F8-09E6-48FE-A2FE-D80F60B48612}.Debug|x64.ActiveCfg = Debug|Any CPU
		{36BB37F8-09E6-48FE-A2FE-D80F60B48612}.Debug|x64.Build.0 = Debug|Any CPU
		{36BB37F8-09E6-48FE-A2FE-D80F60B48612}.Debug|x86.ActiveCfg = Debug|Any CPU
		{36BB37F8-09E6-48FE-A2FE-D80F60B48612}.Debug|x86.Build.0 = Debug|Any CPU
		{36BB37F8-09E6-48FE-A2FE-D80F60B48612}.Release|Any CPU.ActiveCfg = Release|Any CPU
		{36BB37F8-09E6-48FE-A2FE-D80F60B48612}.Release|Any CPU.Build.0 = Release|Any CPU
		{36BB37F8-09E6-48FE-A2FE-D80F60B48612}.Release|x64.ActiveCfg = Release|Any CPU
		{36BB37F8-09E6-48FE-A2FE-D80F60B48612}.Release|x64.Build.0 = Release|Any CPU
		{36BB37F8-09E6-48FE-A2FE-D80F60B48612}.Release|x86.ActiveCfg = Release|Any CPU
		{36BB37F8-09E6-48FE-A2FE-D80F60B48612}.Release|x86.Build.0 = Release|Any CPU
		{792DFC50-F516-4BE6-967F-5D982A02EDFF}.Debug|Any CPU.ActiveCfg = Debug|Any CPU
		{792DFC50-F516-4BE6-967F-5D982A02EDFF}.Debug|Any CPU.Build.0 = Debug|Any CPU
		{792DFC50-F516-4BE6-967F-5D982A02EDFF}.Debug|x64.ActiveCfg = Debug|Any CPU
		{792DFC50-F516-4BE6-967F-5D982A02EDFF}.Debug|x64.Build.0 = Debug|Any CPU
		{792DFC50-F516-4BE6-967F-5D982A02EDFF}.Debug|x86.ActiveCfg = Debug|Any CPU
		{792DFC50-F516-4BE6-967F-5D982A02EDFF}.Debug|x86.Build.0 = Debug|Any CPU
		{792DFC50-F516-4BE6-967F-5D982A02EDFF}.Release|Any CPU.ActiveCfg = Release|Any CPU
		{792DFC50-F516-4BE6-967F-5D982A02EDFF}.Release|Any CPU.Build.0 = Release|Any CPU
		{792DFC50-F516-4BE6-967F-5D982A02EDFF}.Release|x64.ActiveCfg = Release|Any CPU
		{792DFC50-F516-4BE6-967F-5D982A02EDFF}.Release|x64.Build.0 = Release|Any CPU
		{792DFC50-F516-4BE6-967F-5D982A02EDFF}.Release|x86.ActiveCfg = Release|Any CPU
		{792DFC50-F516-4BE6-967F-5D982A02EDFF}.Release|x86.Build.0 = Release|Any CPU
		{7202B544-6BEE-432C-B944-8158EE196835}.Debug|Any CPU.ActiveCfg = Debug|Any CPU
		{7202B544-6BEE-432C-B944-8158EE196835}.Debug|Any CPU.Build.0 = Debug|Any CPU
		{7202B544-6BEE-432C-B944-8158EE196835}.Debug|x64.ActiveCfg = Debug|Any CPU
		{7202B544-6BEE-432C-B944-8158EE196835}.Debug|x64.Build.0 = Debug|Any CPU
		{7202B544-6BEE-432C-B944-8158EE196835}.Debug|x86.ActiveCfg = Debug|Any CPU
		{7202B544-6BEE-432C-B944-8158EE196835}.Debug|x86.Build.0 = Debug|Any CPU
		{7202B544-6BEE-432C-B944-8158EE196835}.Release|Any CPU.ActiveCfg = Release|Any CPU
		{7202B544-6BEE-432C-B944-8158EE196835}.Release|Any CPU.Build.0 = Release|Any CPU
		{7202B544-6BEE-432C-B944-8158EE196835}.Release|x64.ActiveCfg = Release|Any CPU
		{7202B544-6BEE-432C-B944-8158EE196835}.Release|x64.Build.0 = Release|Any CPU
		{7202B544-6BEE-432C-B944-8158EE196835}.Release|x86.ActiveCfg = Release|Any CPU
		{7202B544-6BEE-432C-B944-8158EE196835}.Release|x86.Build.0 = Release|Any CPU
		{57A7550E-2858-4B97-B6D9-96C5E48DD7EB}.Debug|Any CPU.ActiveCfg = Debug|Any CPU
		{57A7550E-2858-4B97-B6D9-96C5E48DD7EB}.Debug|Any CPU.Build.0 = Debug|Any CPU
		{57A7550E-2858-4B97-B6D9-96C5E48DD7EB}.Debug|x64.ActiveCfg = Debug|Any CPU
		{57A7550E-2858-4B97-B6D9-96C5E48DD7EB}.Debug|x64.Build.0 = Debug|Any CPU
		{57A7550E-2858-4B97-B6D9-96C5E48DD7EB}.Debug|x86.ActiveCfg = Debug|Any CPU
		{57A7550E-2858-4B97-B6D9-96C5E48DD7EB}.Debug|x86.Build.0 = Debug|Any CPU
		{57A7550E-2858-4B97-B6D9-96C5E48DD7EB}.Release|Any CPU.ActiveCfg = Release|Any CPU
		{57A7550E-2858-4B97-B6D9-96C5E48DD7EB}.Release|Any CPU.Build.0 = Release|Any CPU
		{57A7550E-2858-4B97-B6D9-96C5E48DD7EB}.Release|x64.ActiveCfg = Release|Any CPU
		{57A7550E-2858-4B97-B6D9-96C5E48DD7EB}.Release|x64.Build.0 = Release|Any CPU
		{57A7550E-2858-4B97-B6D9-96C5E48DD7EB}.Release|x86.ActiveCfg = Release|Any CPU
		{57A7550E-2858-4B97-B6D9-96C5E48DD7EB}.Release|x86.Build.0 = Release|Any CPU
		{CE9C859A-8232-490D-A784-BCA4E12463C5}.Debug|Any CPU.ActiveCfg = Debug|Any CPU
		{CE9C859A-8232-490D-A784-BCA4E12463C5}.Debug|Any CPU.Build.0 = Debug|Any CPU
		{CE9C859A-8232-490D-A784-BCA4E12463C5}.Debug|x64.ActiveCfg = Debug|Any CPU
		{CE9C859A-8232-490D-A784-BCA4E12463C5}.Debug|x64.Build.0 = Debug|Any CPU
		{CE9C859A-8232-490D-A784-BCA4E12463C5}.Debug|x86.ActiveCfg = Debug|Any CPU
		{CE9C859A-8232-490D-A784-BCA4E12463C5}.Debug|x86.Build.0 = Debug|Any CPU
		{CE9C859A-8232-490D-A784-BCA4E12463C5}.Release|Any CPU.ActiveCfg = Release|Any CPU
		{CE9C859A-8232-490D-A784-BCA4E12463C5}.Release|Any CPU.Build.0 = Release|Any CPU
		{CE9C859A-8232-490D-A784-BCA4E12463C5}.Release|x64.ActiveCfg = Release|Any CPU
		{CE9C859A-8232-490D-A784-BCA4E12463C5}.Release|x64.Build.0 = Release|Any CPU
		{CE9C859A-8232-490D-A784-BCA4E12463C5}.Release|x86.ActiveCfg = Release|Any CPU
		{CE9C859A-8232-490D-A784-BCA4E12463C5}.Release|x86.Build.0 = Release|Any CPU
		{FD9AD45E-30B6-4622-B869-BEE3B7BE5E10}.Debug|Any CPU.ActiveCfg = Debug|Any CPU
		{FD9AD45E-30B6-4622-B869-BEE3B7BE5E10}.Debug|Any CPU.Build.0 = Debug|Any CPU
		{FD9AD45E-30B6-4622-B869-BEE3B7BE5E10}.Debug|x64.ActiveCfg = Debug|Any CPU
		{FD9AD45E-30B6-4622-B869-BEE3B7BE5E10}.Debug|x64.Build.0 = Debug|Any CPU
		{FD9AD45E-30B6-4622-B869-BEE3B7BE5E10}.Debug|x86.ActiveCfg = Debug|Any CPU
		{FD9AD45E-30B6-4622-B869-BEE3B7BE5E10}.Debug|x86.Build.0 = Debug|Any CPU
		{FD9AD45E-30B6-4622-B869-BEE3B7BE5E10}.Release|Any CPU.ActiveCfg = Release|Any CPU
		{FD9AD45E-30B6-4622-B869-BEE3B7BE5E10}.Release|Any CPU.Build.0 = Release|Any CPU
		{FD9AD45E-30B6-4622-B869-BEE3B7BE5E10}.Release|x64.ActiveCfg = Release|Any CPU
		{FD9AD45E-30B6-4622-B869-BEE3B7BE5E10}.Release|x64.Build.0 = Release|Any CPU
		{FD9AD45E-30B6-4622-B869-BEE3B7BE5E10}.Release|x86.ActiveCfg = Release|Any CPU
		{FD9AD45E-30B6-4622-B869-BEE3B7BE5E10}.Release|x86.Build.0 = Release|Any CPU
		{2118BFFF-F393-463B-A21E-96E27D6E9A2F}.Debug|Any CPU.ActiveCfg = Debug|Any CPU
		{2118BFFF-F393-463B-A21E-96E27D6E9A2F}.Debug|Any CPU.Build.0 = Debug|Any CPU
		{2118BFFF-F393-463B-A21E-96E27D6E9A2F}.Debug|x64.ActiveCfg = Debug|Any CPU
		{2118BFFF-F393-463B-A21E-96E27D6E9A2F}.Debug|x64.Build.0 = Debug|Any CPU
		{2118BFFF-F393-463B-A21E-96E27D6E9A2F}.Debug|x86.ActiveCfg = Debug|Any CPU
		{2118BFFF-F393-463B-A21E-96E27D6E9A2F}.Debug|x86.Build.0 = Debug|Any CPU
		{2118BFFF-F393-463B-A21E-96E27D6E9A2F}.Release|Any CPU.ActiveCfg = Release|Any CPU
		{2118BFFF-F393-463B-A21E-96E27D6E9A2F}.Release|Any CPU.Build.0 = Release|Any CPU
		{2118BFFF-F393-463B-A21E-96E27D6E9A2F}.Release|x64.ActiveCfg = Release|Any CPU
		{2118BFFF-F393-463B-A21E-96E27D6E9A2F}.Release|x64.Build.0 = Release|Any CPU
		{2118BFFF-F393-463B-A21E-96E27D6E9A2F}.Release|x86.ActiveCfg = Release|Any CPU
		{2118BFFF-F393-463B-A21E-96E27D6E9A2F}.Release|x86.Build.0 = Release|Any CPU
		{9641DE26-C5C4-43C4-8241-5393B307FFD0}.Debug|Any CPU.ActiveCfg = Debug|Any CPU
		{9641DE26-C5C4-43C4-8241-5393B307FFD0}.Debug|Any CPU.Build.0 = Debug|Any CPU
		{9641DE26-C5C4-43C4-8241-5393B307FFD0}.Debug|x64.ActiveCfg = Debug|Any CPU
		{9641DE26-C5C4-43C4-8241-5393B307FFD0}.Debug|x64.Build.0 = Debug|Any CPU
		{9641DE26-C5C4-43C4-8241-5393B307FFD0}.Debug|x86.ActiveCfg = Debug|Any CPU
		{9641DE26-C5C4-43C4-8241-5393B307FFD0}.Debug|x86.Build.0 = Debug|Any CPU
		{9641DE26-C5C4-43C4-8241-5393B307FFD0}.Release|Any CPU.ActiveCfg = Release|Any CPU
		{9641DE26-C5C4-43C4-8241-5393B307FFD0}.Release|Any CPU.Build.0 = Release|Any CPU
		{9641DE26-C5C4-43C4-8241-5393B307FFD0}.Release|x64.ActiveCfg = Release|Any CPU
		{9641DE26-C5C4-43C4-8241-5393B307FFD0}.Release|x64.Build.0 = Release|Any CPU
		{9641DE26-C5C4-43C4-8241-5393B307FFD0}.Release|x86.ActiveCfg = Release|Any CPU
		{9641DE26-C5C4-43C4-8241-5393B307FFD0}.Release|x86.Build.0 = Release|Any CPU
		{F1299858-6008-43C5-8831-ADB496486C86}.Debug|Any CPU.ActiveCfg = Debug|Any CPU
		{F1299858-6008-43C5-8831-ADB496486C86}.Debug|Any CPU.Build.0 = Debug|Any CPU
		{F1299858-6008-43C5-8831-ADB496486C86}.Debug|x64.ActiveCfg = Debug|Any CPU
		{F1299858-6008-43C5-8831-ADB496486C86}.Debug|x64.Build.0 = Debug|Any CPU
		{F1299858-6008-43C5-8831-ADB496486C86}.Debug|x86.ActiveCfg = Debug|Any CPU
		{F1299858-6008-43C5-8831-ADB496486C86}.Debug|x86.Build.0 = Debug|Any CPU
		{F1299858-6008-43C5-8831-ADB496486C86}.Release|Any CPU.ActiveCfg = Release|Any CPU
		{F1299858-6008-43C5-8831-ADB496486C86}.Release|Any CPU.Build.0 = Release|Any CPU
		{F1299858-6008-43C5-8831-ADB496486C86}.Release|x64.ActiveCfg = Release|Any CPU
		{F1299858-6008-43C5-8831-ADB496486C86}.Release|x64.Build.0 = Release|Any CPU
		{F1299858-6008-43C5-8831-ADB496486C86}.Release|x86.ActiveCfg = Release|Any CPU
		{F1299858-6008-43C5-8831-ADB496486C86}.Release|x86.Build.0 = Release|Any CPU
		{674A670F-7EE8-4E11-93F1-3DE2AC0EA6F8}.Debug|Any CPU.ActiveCfg = Debug|Any CPU
		{674A670F-7EE8-4E11-93F1-3DE2AC0EA6F8}.Debug|Any CPU.Build.0 = Debug|Any CPU
		{674A670F-7EE8-4E11-93F1-3DE2AC0EA6F8}.Debug|x64.ActiveCfg = Debug|Any CPU
		{674A670F-7EE8-4E11-93F1-3DE2AC0EA6F8}.Debug|x64.Build.0 = Debug|Any CPU
		{674A670F-7EE8-4E11-93F1-3DE2AC0EA6F8}.Debug|x86.ActiveCfg = Debug|Any CPU
		{674A670F-7EE8-4E11-93F1-3DE2AC0EA6F8}.Debug|x86.Build.0 = Debug|Any CPU
		{674A670F-7EE8-4E11-93F1-3DE2AC0EA6F8}.Release|Any CPU.ActiveCfg = Release|Any CPU
		{674A670F-7EE8-4E11-93F1-3DE2AC0EA6F8}.Release|Any CPU.Build.0 = Release|Any CPU
		{674A670F-7EE8-4E11-93F1-3DE2AC0EA6F8}.Release|x64.ActiveCfg = Release|Any CPU
		{674A670F-7EE8-4E11-93F1-3DE2AC0EA6F8}.Release|x64.Build.0 = Release|Any CPU
		{674A670F-7EE8-4E11-93F1-3DE2AC0EA6F8}.Release|x86.ActiveCfg = Release|Any CPU
		{674A670F-7EE8-4E11-93F1-3DE2AC0EA6F8}.Release|x86.Build.0 = Release|Any CPU
		{F031A2AA-2AC8-4B84-8DE8-BE57DAEC7E4C}.Debug|Any CPU.ActiveCfg = Debug|Any CPU
		{F031A2AA-2AC8-4B84-8DE8-BE57DAEC7E4C}.Debug|Any CPU.Build.0 = Debug|Any CPU
		{F031A2AA-2AC8-4B84-8DE8-BE57DAEC7E4C}.Debug|x64.ActiveCfg = Debug|Any CPU
		{F031A2AA-2AC8-4B84-8DE8-BE57DAEC7E4C}.Debug|x64.Build.0 = Debug|Any CPU
		{F031A2AA-2AC8-4B84-8DE8-BE57DAEC7E4C}.Debug|x86.ActiveCfg = Debug|Any CPU
		{F031A2AA-2AC8-4B84-8DE8-BE57DAEC7E4C}.Debug|x86.Build.0 = Debug|Any CPU
		{F031A2AA-2AC8-4B84-8DE8-BE57DAEC7E4C}.Release|Any CPU.ActiveCfg = Release|Any CPU
		{F031A2AA-2AC8-4B84-8DE8-BE57DAEC7E4C}.Release|Any CPU.Build.0 = Release|Any CPU
		{F031A2AA-2AC8-4B84-8DE8-BE57DAEC7E4C}.Release|x64.ActiveCfg = Release|Any CPU
		{F031A2AA-2AC8-4B84-8DE8-BE57DAEC7E4C}.Release|x64.Build.0 = Release|Any CPU
		{F031A2AA-2AC8-4B84-8DE8-BE57DAEC7E4C}.Release|x86.ActiveCfg = Release|Any CPU
		{F031A2AA-2AC8-4B84-8DE8-BE57DAEC7E4C}.Release|x86.Build.0 = Release|Any CPU
		{F51F49F6-3EA9-452C-8163-66D886381EA9}.Debug|Any CPU.ActiveCfg = Debug|Any CPU
		{F51F49F6-3EA9-452C-8163-66D886381EA9}.Debug|Any CPU.Build.0 = Debug|Any CPU
		{F51F49F6-3EA9-452C-8163-66D886381EA9}.Debug|x64.ActiveCfg = Debug|Any CPU
		{F51F49F6-3EA9-452C-8163-66D886381EA9}.Debug|x64.Build.0 = Debug|Any CPU
		{F51F49F6-3EA9-452C-8163-66D886381EA9}.Debug|x86.ActiveCfg = Debug|Any CPU
		{F51F49F6-3EA9-452C-8163-66D886381EA9}.Debug|x86.Build.0 = Debug|Any CPU
		{F51F49F6-3EA9-452C-8163-66D886381EA9}.Release|Any CPU.ActiveCfg = Release|Any CPU
		{F51F49F6-3EA9-452C-8163-66D886381EA9}.Release|Any CPU.Build.0 = Release|Any CPU
		{F51F49F6-3EA9-452C-8163-66D886381EA9}.Release|x64.ActiveCfg = Release|Any CPU
		{F51F49F6-3EA9-452C-8163-66D886381EA9}.Release|x64.Build.0 = Release|Any CPU
		{F51F49F6-3EA9-452C-8163-66D886381EA9}.Release|x86.ActiveCfg = Release|Any CPU
		{F51F49F6-3EA9-452C-8163-66D886381EA9}.Release|x86.Build.0 = Release|Any CPU
		{906B9A75-BC6E-48D5-A8F9-A2AF56CEB3F6}.Debug|Any CPU.ActiveCfg = Debug|Any CPU
		{906B9A75-BC6E-48D5-A8F9-A2AF56CEB3F6}.Debug|Any CPU.Build.0 = Debug|Any CPU
		{906B9A75-BC6E-48D5-A8F9-A2AF56CEB3F6}.Debug|x64.ActiveCfg = Debug|Any CPU
		{906B9A75-BC6E-48D5-A8F9-A2AF56CEB3F6}.Debug|x64.Build.0 = Debug|Any CPU
		{906B9A75-BC6E-48D5-A8F9-A2AF56CEB3F6}.Debug|x86.ActiveCfg = Debug|Any CPU
		{906B9A75-BC6E-48D5-A8F9-A2AF56CEB3F6}.Debug|x86.Build.0 = Debug|Any CPU
		{906B9A75-BC6E-48D5-A8F9-A2AF56CEB3F6}.Release|Any CPU.ActiveCfg = Release|Any CPU
		{906B9A75-BC6E-48D5-A8F9-A2AF56CEB3F6}.Release|Any CPU.Build.0 = Release|Any CPU
		{906B9A75-BC6E-48D5-A8F9-A2AF56CEB3F6}.Release|x64.ActiveCfg = Release|Any CPU
		{906B9A75-BC6E-48D5-A8F9-A2AF56CEB3F6}.Release|x64.Build.0 = Release|Any CPU
		{906B9A75-BC6E-48D5-A8F9-A2AF56CEB3F6}.Release|x86.ActiveCfg = Release|Any CPU
		{906B9A75-BC6E-48D5-A8F9-A2AF56CEB3F6}.Release|x86.Build.0 = Release|Any CPU
		{548CA5F9-F8E3-4CA5-852F-C9586F062E26}.Debug|Any CPU.ActiveCfg = Debug|Any CPU
		{548CA5F9-F8E3-4CA5-852F-C9586F062E26}.Debug|Any CPU.Build.0 = Debug|Any CPU
		{548CA5F9-F8E3-4CA5-852F-C9586F062E26}.Debug|x64.ActiveCfg = Debug|Any CPU
		{548CA5F9-F8E3-4CA5-852F-C9586F062E26}.Debug|x64.Build.0 = Debug|Any CPU
		{548CA5F9-F8E3-4CA5-852F-C9586F062E26}.Debug|x86.ActiveCfg = Debug|Any CPU
		{548CA5F9-F8E3-4CA5-852F-C9586F062E26}.Debug|x86.Build.0 = Debug|Any CPU
		{548CA5F9-F8E3-4CA5-852F-C9586F062E26}.Release|Any CPU.ActiveCfg = Release|Any CPU
		{548CA5F9-F8E3-4CA5-852F-C9586F062E26}.Release|Any CPU.Build.0 = Release|Any CPU
		{548CA5F9-F8E3-4CA5-852F-C9586F062E26}.Release|x64.ActiveCfg = Release|Any CPU
		{548CA5F9-F8E3-4CA5-852F-C9586F062E26}.Release|x64.Build.0 = Release|Any CPU
		{548CA5F9-F8E3-4CA5-852F-C9586F062E26}.Release|x86.ActiveCfg = Release|Any CPU
		{548CA5F9-F8E3-4CA5-852F-C9586F062E26}.Release|x86.Build.0 = Release|Any CPU
		{A6ED1800-4666-40D1-BF95-070541B2E0A8}.Debug|Any CPU.ActiveCfg = Debug|Any CPU
		{A6ED1800-4666-40D1-BF95-070541B2E0A8}.Debug|Any CPU.Build.0 = Debug|Any CPU
		{A6ED1800-4666-40D1-BF95-070541B2E0A8}.Debug|x64.ActiveCfg = Debug|Any CPU
		{A6ED1800-4666-40D1-BF95-070541B2E0A8}.Debug|x64.Build.0 = Debug|Any CPU
		{A6ED1800-4666-40D1-BF95-070541B2E0A8}.Debug|x86.ActiveCfg = Debug|Any CPU
		{A6ED1800-4666-40D1-BF95-070541B2E0A8}.Debug|x86.Build.0 = Debug|Any CPU
		{A6ED1800-4666-40D1-BF95-070541B2E0A8}.Release|Any CPU.ActiveCfg = Release|Any CPU
		{A6ED1800-4666-40D1-BF95-070541B2E0A8}.Release|Any CPU.Build.0 = Release|Any CPU
		{A6ED1800-4666-40D1-BF95-070541B2E0A8}.Release|x64.ActiveCfg = Release|Any CPU
		{A6ED1800-4666-40D1-BF95-070541B2E0A8}.Release|x64.Build.0 = Release|Any CPU
		{A6ED1800-4666-40D1-BF95-070541B2E0A8}.Release|x86.ActiveCfg = Release|Any CPU
		{A6ED1800-4666-40D1-BF95-070541B2E0A8}.Release|x86.Build.0 = Release|Any CPU
		{9511E68E-10AD-48E3-B55C-4A84BBD8E07F}.Debug|Any CPU.ActiveCfg = Debug|Any CPU
		{9511E68E-10AD-48E3-B55C-4A84BBD8E07F}.Debug|Any CPU.Build.0 = Debug|Any CPU
		{9511E68E-10AD-48E3-B55C-4A84BBD8E07F}.Debug|x64.ActiveCfg = Debug|Any CPU
		{9511E68E-10AD-48E3-B55C-4A84BBD8E07F}.Debug|x64.Build.0 = Debug|Any CPU
		{9511E68E-10AD-48E3-B55C-4A84BBD8E07F}.Debug|x86.ActiveCfg = Debug|Any CPU
		{9511E68E-10AD-48E3-B55C-4A84BBD8E07F}.Debug|x86.Build.0 = Debug|Any CPU
		{9511E68E-10AD-48E3-B55C-4A84BBD8E07F}.Release|Any CPU.ActiveCfg = Release|Any CPU
		{9511E68E-10AD-48E3-B55C-4A84BBD8E07F}.Release|Any CPU.Build.0 = Release|Any CPU
		{9511E68E-10AD-48E3-B55C-4A84BBD8E07F}.Release|x64.ActiveCfg = Release|Any CPU
		{9511E68E-10AD-48E3-B55C-4A84BBD8E07F}.Release|x64.Build.0 = Release|Any CPU
		{9511E68E-10AD-48E3-B55C-4A84BBD8E07F}.Release|x86.ActiveCfg = Release|Any CPU
		{9511E68E-10AD-48E3-B55C-4A84BBD8E07F}.Release|x86.Build.0 = Release|Any CPU
		{14F79F6D-BCBA-4663-8481-BB40BDE9DB26}.Debug|Any CPU.ActiveCfg = Debug|Any CPU
		{14F79F6D-BCBA-4663-8481-BB40BDE9DB26}.Debug|Any CPU.Build.0 = Debug|Any CPU
		{14F79F6D-BCBA-4663-8481-BB40BDE9DB26}.Debug|x64.ActiveCfg = Debug|Any CPU
		{14F79F6D-BCBA-4663-8481-BB40BDE9DB26}.Debug|x64.Build.0 = Debug|Any CPU
		{14F79F6D-BCBA-4663-8481-BB40BDE9DB26}.Debug|x86.ActiveCfg = Debug|Any CPU
		{14F79F6D-BCBA-4663-8481-BB40BDE9DB26}.Debug|x86.Build.0 = Debug|Any CPU
		{14F79F6D-BCBA-4663-8481-BB40BDE9DB26}.Release|Any CPU.ActiveCfg = Release|Any CPU
		{14F79F6D-BCBA-4663-8481-BB40BDE9DB26}.Release|Any CPU.Build.0 = Release|Any CPU
		{14F79F6D-BCBA-4663-8481-BB40BDE9DB26}.Release|x64.ActiveCfg = Release|Any CPU
		{14F79F6D-BCBA-4663-8481-BB40BDE9DB26}.Release|x64.Build.0 = Release|Any CPU
		{14F79F6D-BCBA-4663-8481-BB40BDE9DB26}.Release|x86.ActiveCfg = Release|Any CPU
		{14F79F6D-BCBA-4663-8481-BB40BDE9DB26}.Release|x86.Build.0 = Release|Any CPU
		{CA056B0E-B963-4B69-B2EA-D1FBCAB9EADC}.Debug|Any CPU.ActiveCfg = Debug|x64
		{CA056B0E-B963-4B69-B2EA-D1FBCAB9EADC}.Debug|Any CPU.Build.0 = Debug|x64
		{CA056B0E-B963-4B69-B2EA-D1FBCAB9EADC}.Debug|x64.ActiveCfg = Debug|x64
		{CA056B0E-B963-4B69-B2EA-D1FBCAB9EADC}.Debug|x64.Build.0 = Debug|x64
		{CA056B0E-B963-4B69-B2EA-D1FBCAB9EADC}.Debug|x86.ActiveCfg = Debug|Win32
		{CA056B0E-B963-4B69-B2EA-D1FBCAB9EADC}.Debug|x86.Build.0 = Debug|Win32
		{CA056B0E-B963-4B69-B2EA-D1FBCAB9EADC}.Release|Any CPU.ActiveCfg = Release|x64
		{CA056B0E-B963-4B69-B2EA-D1FBCAB9EADC}.Release|Any CPU.Build.0 = Release|x64
		{CA056B0E-B963-4B69-B2EA-D1FBCAB9EADC}.Release|x64.ActiveCfg = Release|x64
		{CA056B0E-B963-4B69-B2EA-D1FBCAB9EADC}.Release|x64.Build.0 = Release|x64
		{CA056B0E-B963-4B69-B2EA-D1FBCAB9EADC}.Release|x86.ActiveCfg = Release|Win32
		{CA056B0E-B963-4B69-B2EA-D1FBCAB9EADC}.Release|x86.Build.0 = Release|Win32
		{14638E5E-C2EA-4593-8D07-CD90830D6991}.Debug|Any CPU.ActiveCfg = Debug|x64
		{14638E5E-C2EA-4593-8D07-CD90830D6991}.Debug|Any CPU.Build.0 = Debug|x64
		{14638E5E-C2EA-4593-8D07-CD90830D6991}.Debug|x64.ActiveCfg = Debug|x64
		{14638E5E-C2EA-4593-8D07-CD90830D6991}.Debug|x64.Build.0 = Debug|x64
		{14638E5E-C2EA-4593-8D07-CD90830D6991}.Debug|x86.ActiveCfg = Debug|Win32
		{14638E5E-C2EA-4593-8D07-CD90830D6991}.Debug|x86.Build.0 = Debug|Win32
		{14638E5E-C2EA-4593-8D07-CD90830D6991}.Release|Any CPU.ActiveCfg = Release|x64
		{14638E5E-C2EA-4593-8D07-CD90830D6991}.Release|Any CPU.Build.0 = Release|x64
		{14638E5E-C2EA-4593-8D07-CD90830D6991}.Release|x64.ActiveCfg = Release|x64
		{14638E5E-C2EA-4593-8D07-CD90830D6991}.Release|x64.Build.0 = Release|x64
		{14638E5E-C2EA-4593-8D07-CD90830D6991}.Release|x86.ActiveCfg = Release|Win32
		{14638E5E-C2EA-4593-8D07-CD90830D6991}.Release|x86.Build.0 = Release|Win32
		{18907273-09AD-466D-A781-35C31A6FF525}.Debug|Any CPU.ActiveCfg = Debug|x64
		{18907273-09AD-466D-A781-35C31A6FF525}.Debug|Any CPU.Build.0 = Debug|x64
		{18907273-09AD-466D-A781-35C31A6FF525}.Debug|x64.ActiveCfg = Debug|x64
		{18907273-09AD-466D-A781-35C31A6FF525}.Debug|x64.Build.0 = Debug|x64
		{18907273-09AD-466D-A781-35C31A6FF525}.Debug|x86.ActiveCfg = Debug|Win32
		{18907273-09AD-466D-A781-35C31A6FF525}.Debug|x86.Build.0 = Debug|Win32
		{18907273-09AD-466D-A781-35C31A6FF525}.Release|Any CPU.ActiveCfg = Release|x64
		{18907273-09AD-466D-A781-35C31A6FF525}.Release|Any CPU.Build.0 = Release|x64
		{18907273-09AD-466D-A781-35C31A6FF525}.Release|x64.ActiveCfg = Release|x64
		{18907273-09AD-466D-A781-35C31A6FF525}.Release|x64.Build.0 = Release|x64
		{18907273-09AD-466D-A781-35C31A6FF525}.Release|x86.ActiveCfg = Release|Win32
		{18907273-09AD-466D-A781-35C31A6FF525}.Release|x86.Build.0 = Release|Win32
		{0EC223E1-F667-44B4-9C00-6EB59EFB8144}.Debug|Any CPU.ActiveCfg = Debug|x64
		{0EC223E1-F667-44B4-9C00-6EB59EFB8144}.Debug|Any CPU.Build.0 = Debug|x64
		{0EC223E1-F667-44B4-9C00-6EB59EFB8144}.Debug|x64.ActiveCfg = Debug|x64
		{0EC223E1-F667-44B4-9C00-6EB59EFB8144}.Debug|x64.Build.0 = Debug|x64
		{0EC223E1-F667-44B4-9C00-6EB59EFB8144}.Debug|x86.ActiveCfg = Debug|Win32
		{0EC223E1-F667-44B4-9C00-6EB59EFB8144}.Debug|x86.Build.0 = Debug|Win32
		{0EC223E1-F667-44B4-9C00-6EB59EFB8144}.Release|Any CPU.ActiveCfg = Release|x64
		{0EC223E1-F667-44B4-9C00-6EB59EFB8144}.Release|Any CPU.Build.0 = Release|x64
		{0EC223E1-F667-44B4-9C00-6EB59EFB8144}.Release|x64.ActiveCfg = Release|x64
		{0EC223E1-F667-44B4-9C00-6EB59EFB8144}.Release|x64.Build.0 = Release|x64
		{0EC223E1-F667-44B4-9C00-6EB59EFB8144}.Release|x86.ActiveCfg = Release|Win32
		{0EC223E1-F667-44B4-9C00-6EB59EFB8144}.Release|x86.Build.0 = Release|Win32
		{F71060AE-6A9F-4A53-9F61-564315BDEC76}.Debug|Any CPU.ActiveCfg = Debug|x64
		{F71060AE-6A9F-4A53-9F61-564315BDEC76}.Debug|Any CPU.Build.0 = Debug|x64
		{F71060AE-6A9F-4A53-9F61-564315BDEC76}.Debug|x64.ActiveCfg = Debug|x64
		{F71060AE-6A9F-4A53-9F61-564315BDEC76}.Debug|x64.Build.0 = Debug|x64
		{F71060AE-6A9F-4A53-9F61-564315BDEC76}.Debug|x86.ActiveCfg = Debug|Win32
		{F71060AE-6A9F-4A53-9F61-564315BDEC76}.Debug|x86.Build.0 = Debug|Win32
		{F71060AE-6A9F-4A53-9F61-564315BDEC76}.Release|Any CPU.ActiveCfg = Release|x64
		{F71060AE-6A9F-4A53-9F61-564315BDEC76}.Release|Any CPU.Build.0 = Release|x64
		{F71060AE-6A9F-4A53-9F61-564315BDEC76}.Release|x64.ActiveCfg = Release|x64
		{F71060AE-6A9F-4A53-9F61-564315BDEC76}.Release|x64.Build.0 = Release|x64
		{F71060AE-6A9F-4A53-9F61-564315BDEC76}.Release|x86.ActiveCfg = Release|Win32
		{F71060AE-6A9F-4A53-9F61-564315BDEC76}.Release|x86.Build.0 = Release|Win32
	EndGlobalSection
	GlobalSection(SolutionProperties) = preSolution
		HideSolutionNode = FALSE
	EndGlobalSection
	GlobalSection(NestedProjects) = preSolution
		{DC00D88A-2CE8-4C2D-815C-F3B5EC007E45} = {0008B07E-EDBA-4D55-8A5C-7F48F3C5E960}
		{23F27955-DDD1-48E6-98E8-EB71814CEFBA} = {0008B07E-EDBA-4D55-8A5C-7F48F3C5E960}
		{3DF1A963-FAC4-45BF-945F-9F21969FDC4E} = {0008B07E-EDBA-4D55-8A5C-7F48F3C5E960}
		{90036055-6F0D-4EA4-86BD-9819C798BAEB} = {0008B07E-EDBA-4D55-8A5C-7F48F3C5E960}
		{58F8AAD7-4BBD-4A87-A880-077197378957} = {0008B07E-EDBA-4D55-8A5C-7F48F3C5E960}
		{2E213790-AB92-4E1B-8055-DB9B2C33866A} = {DC00D88A-2CE8-4C2D-815C-F3B5EC007E45}
		{F981B004-C49B-4372-8ACB-043C071C20B8} = {DC00D88A-2CE8-4C2D-815C-F3B5EC007E45}
		{A59DA5E1-54B3-44F5-92B7-49A105BFB104} = {DC00D88A-2CE8-4C2D-815C-F3B5EC007E45}
		{1AF353B6-5734-4667-97D3-5E9DAB07CBC7} = {DC00D88A-2CE8-4C2D-815C-F3B5EC007E45}
		{DF29EAC9-3945-4F48-A564-5574145C806A} = {649150F5-2529-46AA-84C2-3A3545313F96}
		{E634A3E2-8F27-44FE-92AC-9655939F15C2} = {23F27955-DDD1-48E6-98E8-EB71814CEFBA}
		{D8A4971B-FC27-4CA1-8E2C-7AC87784FE18} = {23F27955-DDD1-48E6-98E8-EB71814CEFBA}
		{4B1258A7-D50A-420F-9BBF-EC6598253572} = {DC00D88A-2CE8-4C2D-815C-F3B5EC007E45}
		{24450A91-5C57-4974-AC1D-CC27A73D5F03} = {23F27955-DDD1-48E6-98E8-EB71814CEFBA}
		{CBA6AFB2-C9CF-4CF7-8453-E1CB3741EF92} = {23F27955-DDD1-48E6-98E8-EB71814CEFBA}
		{8FFD51B0-DEA4-46FA-81E5-3719D4707814} = {649150F5-2529-46AA-84C2-3A3545313F96}
		{36BB37F8-09E6-48FE-A2FE-D80F60B48612} = {DC00D88A-2CE8-4C2D-815C-F3B5EC007E45}
		{792DFC50-F516-4BE6-967F-5D982A02EDFF} = {3DF1A963-FAC4-45BF-945F-9F21969FDC4E}
		{7202B544-6BEE-432C-B944-8158EE196835} = {3DF1A963-FAC4-45BF-945F-9F21969FDC4E}
		{57A7550E-2858-4B97-B6D9-96C5E48DD7EB} = {23F27955-DDD1-48E6-98E8-EB71814CEFBA}
		{CE9C859A-8232-490D-A784-BCA4E12463C5} = {3DF1A963-FAC4-45BF-945F-9F21969FDC4E}
		{FD9AD45E-30B6-4622-B869-BEE3B7BE5E10} = {3DF1A963-FAC4-45BF-945F-9F21969FDC4E}
		{2118BFFF-F393-463B-A21E-96E27D6E9A2F} = {3DF1A963-FAC4-45BF-945F-9F21969FDC4E}
		{9641DE26-C5C4-43C4-8241-5393B307FFD0} = {3DF1A963-FAC4-45BF-945F-9F21969FDC4E}
		{F1299858-6008-43C5-8831-ADB496486C86} = {3DF1A963-FAC4-45BF-945F-9F21969FDC4E}
		{674A670F-7EE8-4E11-93F1-3DE2AC0EA6F8} = {649150F5-2529-46AA-84C2-3A3545313F96}
		{F031A2AA-2AC8-4B84-8DE8-BE57DAEC7E4C} = {90036055-6F0D-4EA4-86BD-9819C798BAEB}
		{F51F49F6-3EA9-452C-8163-66D886381EA9} = {90036055-6F0D-4EA4-86BD-9819C798BAEB}
		{906B9A75-BC6E-48D5-A8F9-A2AF56CEB3F6} = {90036055-6F0D-4EA4-86BD-9819C798BAEB}
		{548CA5F9-F8E3-4CA5-852F-C9586F062E26} = {90036055-6F0D-4EA4-86BD-9819C798BAEB}
		{A6ED1800-4666-40D1-BF95-070541B2E0A8} = {90036055-6F0D-4EA4-86BD-9819C798BAEB}
		{9511E68E-10AD-48E3-B55C-4A84BBD8E07F} = {90036055-6F0D-4EA4-86BD-9819C798BAEB}
		{14F79F6D-BCBA-4663-8481-BB40BDE9DB26} = {649150F5-2529-46AA-84C2-3A3545313F96}
		{CA056B0E-B963-4B69-B2EA-D1FBCAB9EADC} = {58F8AAD7-4BBD-4A87-A880-077197378957}
		{14638E5E-C2EA-4593-8D07-CD90830D6991} = {58F8AAD7-4BBD-4A87-A880-077197378957}
		{18907273-09AD-466D-A781-35C31A6FF525} = {649150F5-2529-46AA-84C2-3A3545313F96}
		{0EC223E1-F667-44B4-9C00-6EB59EFB8144} = {58F8AAD7-4BBD-4A87-A880-077197378957}
		{F71060AE-6A9F-4A53-9F61-564315BDEC76} = {58F8AAD7-4BBD-4A87-A880-077197378957}
	EndGlobalSection
	GlobalSection(ExtensibilityGlobals) = postSolution
		SolutionGuid = {AFBEEF6F-D43B-4E7A-98F1-2DE357AC7252}
	EndGlobalSection
EndGlobal
